
Microsoft Visual Studio Solution File, Format Version 12.00
# Visual Studio Version 17
VisualStudioVersion = 17.14.36623.8 d17.14
MinimumVisualStudioVersion = 10.0.40219.1
Project("{FAE04EC0-301F-11D3-BF4B-00C04F79EFBC}") = "MarketingLaPazAPI", "MarketingLaPazAPI.csproj", "{06A59679-D00E-4B07-BAD3-DF7CF17BB4DC}"
EndProject
Global
	GlobalSection(SolutionConfigurationPlatforms) = preSolution
		Debug|Any CPU = Debug|Any CPU
		Release|Any CPU = Release|Any CPU
	EndGlobalSection
	GlobalSection(ProjectConfigurationPlatforms) = postSolution
		{06A59679-D00E-4B07-BAD3-DF7CF17BB4DC}.Debug|Any CPU.ActiveCfg = Debug|Any CPU
		{06A59679-D00E-4B07-BAD3-DF7CF17BB4DC}.Debug|Any CPU.Build.0 = Debug|Any CPU
		{06A59679-D00E-4B07-BAD3-DF7CF17BB4DC}.Release|Any CPU.ActiveCfg = Release|Any CPU
		{06A59679-D00E-4B07-BAD3-DF7CF17BB4DC}.Release|Any CPU.Build.0 = Release|Any CPU
	EndGlobalSection
	GlobalSection(SolutionProperties) = preSolution
		HideSolutionNode = FALSE
	EndGlobalSection
	GlobalSection(ExtensibilityGlobals) = postSolution
		SolutionGuid = {BD396579-72D4-4FD7-9B13-105E55887D1D}
	EndGlobalSection
EndGlobal
